
Microsoft Visual Studio Solution File, Format Version 12.00
# Visual Studio Version 17
VisualStudioVersion = 17.0.31903.59
MinimumVisualStudioVersion = 10.0.40219.1
Project("{FAE04EC0-301F-11D3-BF4B-00C04F79EFBC}") = "PcAnalytics.Models", "PcAnalytics.Models\PcAnalytics.Models.csproj", "{EDB1A9A3-21B6-4166-8500-A71F5A323AD4}"
EndProject
Project("{FAE04EC0-301F-11D3-BF4B-00C04F79EFBC}") = "PcAnalytics.OnlineApi", "PcAnalytics.OnlineApi\PcAnalytics.OnlineApi.csproj", "{FE5B9F95-9290-42C8-82BC-ED10EF57CF56}"
EndProject
Project("{FAE04EC0-301F-11D3-BF4B-00C04F79EFBC}") = "PcAnalytics.ServerLogic", "PcAnalytics.ServerLogic\PcAnalytics.ServerLogic.csproj", "{418B7160-FE6C-4220-8F01-8D003789E83B}"
EndProject
Project("{FAE04EC0-301F-11D3-BF4B-00C04F79EFBC}") = "PcAnalytics.ClientBackground", "PcAnalytics.ClientBackground\PcAnalytics.ClientBackground.csproj", "{FB20271C-62CD-4E8C-A9A5-DAF8D27F1F74}"
EndProject
Global
	GlobalSection(SolutionConfigurationPlatforms) = preSolution
		Debug|Any CPU = Debug|Any CPU
		Debug|x64 = Debug|x64
		Debug|x86 = Debug|x86
		Release|Any CPU = Release|Any CPU
		Release|x64 = Release|x64
		Release|x86 = Release|x86
	EndGlobalSection
	GlobalSection(ProjectConfigurationPlatforms) = postSolution
		{EDB1A9A3-21B6-4166-8500-A71F5A323AD4}.Debug|Any CPU.ActiveCfg = Debug|Any CPU
		{EDB1A9A3-21B6-4166-8500-A71F5A323AD4}.Debug|Any CPU.Build.0 = Debug|Any CPU
		{EDB1A9A3-21B6-4166-8500-A71F5A323AD4}.Debug|x64.ActiveCfg = Debug|Any CPU
		{EDB1A9A3-21B6-4166-8500-A71F5A323AD4}.Debug|x64.Build.0 = Debug|Any CPU
		{EDB1A9A3-21B6-4166-8500-A71F5A323AD4}.Debug|x86.ActiveCfg = Debug|Any CPU
		{EDB1A9A3-21B6-4166-8500-A71F5A323AD4}.Debug|x86.Build.0 = Debug|Any CPU
		{EDB1A9A3-21B6-4166-8500-A71F5A323AD4}.Release|Any CPU.ActiveCfg = Release|Any CPU
		{EDB1A9A3-21B6-4166-8500-A71F5A323AD4}.Release|Any CPU.Build.0 = Release|Any CPU
		{EDB1A9A3-21B6-4166-8500-A71F5A323AD4}.Release|x64.ActiveCfg = Release|Any CPU
		{EDB1A9A3-21B6-4166-8500-A71F5A323AD4}.Release|x64.Build.0 = Release|Any CPU
		{EDB1A9A3-21B6-4166-8500-A71F5A323AD4}.Release|x86.ActiveCfg = Release|Any CPU
		{EDB1A9A3-21B6-4166-8500-A71F5A323AD4}.Release|x86.Build.0 = Release|Any CPU
		{FE5B9F95-9290-42C8-82BC-ED10EF57CF56}.Debug|Any CPU.ActiveCfg = Debug|Any CPU
		{FE5B9F95-9290-42C8-82BC-ED10EF57CF56}.Debug|Any CPU.Build.0 = Debug|Any CPU
		{FE5B9F95-9290-42C8-82BC-ED10EF57CF56}.Debug|x64.ActiveCfg = Debug|Any CPU
		{FE5B9F95-9290-42C8-82BC-ED10EF57CF56}.Debug|x64.Build.0 = Debug|Any CPU
		{FE5B9F95-9290-42C8-82BC-ED10EF57CF56}.Debug|x86.ActiveCfg = Debug|Any CPU
		{FE5B9F95-9290-42C8-82BC-ED10EF57CF56}.Debug|x86.Build.0 = Debug|Any CPU
		{FE5B9F95-9290-42C8-82BC-ED10EF57CF56}.Release|Any CPU.ActiveCfg = Release|Any CPU
		{FE5B9F95-9290-42C8-82BC-ED10EF57CF56}.Release|Any CPU.Build.0 = Release|Any CPU
		{FE5B9F95-9290-42C8-82BC-ED10EF57CF56}.Release|x64.ActiveCfg = Release|Any CPU
		{FE5B9F95-9290-42C8-82BC-ED10EF57CF56}.Release|x64.Build.0 = Release|Any CPU
		{FE5B9F95-9290-42C8-82BC-ED10EF57CF56}.Release|x86.ActiveCfg = Release|Any CPU
		{FE5B9F95-9290-42C8-82BC-ED10EF57CF56}.Release|x86.Build.0 = Release|Any CPU
		{418B7160-FE6C-4220-8F01-8D003789E83B}.Debug|Any CPU.ActiveCfg = Debug|Any CPU
		{418B7160-FE6C-4220-8F01-8D003789E83B}.Debug|Any CPU.Build.0 = Debug|Any CPU
		{418B7160-FE6C-4220-8F01-8D003789E83B}.Debug|x64.ActiveCfg = Debug|Any CPU
		{418B7160-FE6C-4220-8F01-8D003789E83B}.Debug|x64.Build.0 = Debug|Any CPU
		{418B7160-FE6C-4220-8F01-8D003789E83B}.Debug|x86.ActiveCfg = Debug|Any CPU
		{418B7160-FE6C-4220-8F01-8D003789E83B}.Debug|x86.Build.0 = Debug|Any CPU
		{418B7160-FE6C-4220-8F01-8D003789E83B}.Release|Any CPU.ActiveCfg = Release|Any CPU
		{418B7160-FE6C-4220-8F01-8D003789E83B}.Release|Any CPU.Build.0 = Release|Any CPU
		{418B7160-FE6C-4220-8F01-8D003789E83B}.Release|x64.ActiveCfg = Release|Any CPU
		{418B7160-FE6C-4220-8F01-8D003789E83B}.Release|x64.Build.0 = Release|Any CPU
		{418B7160-FE6C-4220-8F01-8D003789E83B}.Release|x86.ActiveCfg = Release|Any CPU
		{418B7160-FE6C-4220-8F01-8D003789E83B}.Release|x86.Build.0 = Release|Any CPU
		{FB20271C-62CD-4E8C-A9A5-DAF8D27F1F74}.Debug|Any CPU.ActiveCfg = Debug|Any CPU
		{FB20271C-62CD-4E8C-A9A5-DAF8D27F1F74}.Debug|Any CPU.Build.0 = Debug|Any CPU
		{FB20271C-62CD-4E8C-A9A5-DAF8D27F1F74}.Debug|x64.ActiveCfg = Debug|Any CPU
		{FB20271C-62CD-4E8C-A9A5-DAF8D27F1F74}.Debug|x64.Build.0 = Debug|Any CPU
		{FB20271C-62CD-4E8C-A9A5-DAF8D27F1F74}.Debug|x86.ActiveCfg = Debug|Any CPU
		{FB20271C-62CD-4E8C-A9A5-DAF8D27F1F74}.Debug|x86.Build.0 = Debug|Any CPU
		{FB20271C-62CD-4E8C-A9A5-DAF8D27F1F74}.Release|Any CPU.ActiveCfg = Release|Any CPU
		{FB20271C-62CD-4E8C-A9A5-DAF8D27F1F74}.Release|Any CPU.Build.0 = Release|Any CPU
		{FB20271C-62CD-4E8C-A9A5-DAF8D27F1F74}.Release|x64.ActiveCfg = Release|Any CPU
		{FB20271C-62CD-4E8C-A9A5-DAF8D27F1F74}.Release|x64.Build.0 = Release|Any CPU
		{FB20271C-62CD-4E8C-A9A5-DAF8D27F1F74}.Release|x86.ActiveCfg = Release|Any CPU
		{FB20271C-62CD-4E8C-A9A5-DAF8D27F1F74}.Release|x86.Build.0 = Release|Any CPU
	EndGlobalSection
	GlobalSection(SolutionProperties) = preSolution
		HideSolutionNode = FALSE
	EndGlobalSection
	GlobalSection(ExtensibilityGlobals) = postSolution
		SolutionGuid = {C504D728-9996-4CFA-B61A-8A27AA005486}
	EndGlobalSection
EndGlobal
